
Microsoft Visual Studio Solution File, Format Version 12.00
# Visual Studio 15
Project("{FAE04EC0-301F-11D3-BF4B-00C04F79EFBC}") = "QuotingDojo", "QuotingDojo.csproj", "{DDE2E09A-E1CA-4D21-9704-684327CBE5FB}"
EndProject
Global
	GlobalSection(SolutionConfigurationPlatforms) = preSolution
		Debug|Any CPU = Debug|Any CPU
		Release|Any CPU = Release|Any CPU
	EndGlobalSection
	GlobalSection(ProjectConfigurationPlatforms) = postSolution
		{DDE2E09A-E1CA-4D21-9704-684327CBE5FB}.Debug|Any CPU.ActiveCfg = Debug|Any CPU
		{DDE2E09A-E1CA-4D21-9704-684327CBE5FB}.Debug|Any CPU.Build.0 = Debug|Any CPU
		{DDE2E09A-E1CA-4D21-9704-684327CBE5FB}.Release|Any CPU.ActiveCfg = Release|Any CPU
		{DDE2E09A-E1CA-4D21-9704-684327CBE5FB}.Release|Any CPU.Build.0 = Release|Any CPU
	EndGlobalSection
EndGlobal
